
Microsoft Visual Studio Solution File, Format Version 11.00
# Visual Studio 2010
Project("{FAE04EC0-301F-11D3-BF4B-00C04F79EFBC}") = "Assembly-CSharp", "Assembly-CSharp.csproj", "{bc543fa4-d159-b2c5-02ba-7c46496c9715}"
EndProject
Project("{FAE04EC0-301F-11D3-BF4B-00C04F79EFBC}") = "Assembly-CSharp-Editor", "Assembly-CSharp-Editor.csproj", "{11f9b3d6-b8a0-3e81-7438-782f1a16c8f6}"
EndProject
Project("{FAE04EC0-301F-11D3-BF4B-00C04F79EFBC}") = "Unity.AssetBundleBrowser.Editor", "Unity.AssetBundleBrowser.Editor.csproj", "{4b1413a3-4f2a-ae64-6055-f2ca979090e4}"
EndProject
Project("{FAE04EC0-301F-11D3-BF4B-00C04F79EFBC}") = "Sirenix.OdinInspector.Modules.UnityMathematics", "Sirenix.OdinInspector.Modules.UnityMathematics.csproj", "{1220d395-e870-6fd8-0614-4190f88f9787}"
EndProject
Project("{FAE04EC0-301F-11D3-BF4B-00C04F79EFBC}") = "Assembly-CSharp-firstpass", "Assembly-CSharp-firstpass.csproj", "{59ad5a0f-b92e-febc-1715-fa6a44c4ee80}"
EndProject
Global
	GlobalSection(SolutionConfigurationPlatforms) = preSolution
		Debug|Any CPU = Debug|Any CPU
	EndGlobalSection
	GlobalSection(ProjectConfigurationPlatforms) = postSolution
		{bc543fa4-d159-b2c5-02ba-7c46496c9715}.Debug|Any CPU.ActiveCfg = Debug|Any CPU
		{bc543fa4-d159-b2c5-02ba-7c46496c9715}.Debug|Any CPU.Build.0 = Debug|Any CPU
		{11f9b3d6-b8a0-3e81-7438-782f1a16c8f6}.Debug|Any CPU.ActiveCfg = Debug|Any CPU
		{11f9b3d6-b8a0-3e81-7438-782f1a16c8f6}.Debug|Any CPU.Build.0 = Debug|Any CPU
		{4b1413a3-4f2a-ae64-6055-f2ca979090e4}.Debug|Any CPU.ActiveCfg = Debug|Any CPU
		{4b1413a3-4f2a-ae64-6055-f2ca979090e4}.Debug|Any CPU.Build.0 = Debug|Any CPU
		{1220d395-e870-6fd8-0614-4190f88f9787}.Debug|Any CPU.ActiveCfg = Debug|Any CPU
		{1220d395-e870-6fd8-0614-4190f88f9787}.Debug|Any CPU.Build.0 = Debug|Any CPU
		{59ad5a0f-b92e-febc-1715-fa6a44c4ee80}.Debug|Any CPU.ActiveCfg = Debug|Any CPU
		{59ad5a0f-b92e-febc-1715-fa6a44c4ee80}.Debug|Any CPU.Build.0 = Debug|Any CPU
	EndGlobalSection
	GlobalSection(SolutionProperties) = preSolution
		HideSolutionNode = FALSE
	EndGlobalSection
EndGlobal
